// !$*UTF8*$!
{
	archiveVersion = 1;
	classes = {
	};
	objectVersion = 56;
	objects = {

/* Begin PBXBuildFile section */
		48BC07E92A29727100577849 /* node_appApp.swift in Sources */ = {isa = PBXBuildFile; fileRef = 48BC07E82A29727100577849 /* node_appApp.swift */; };
		48BC07EB2A29727100577849 /* ContentView.swift in Sources */ = {isa = PBXBuildFile; fileRef = 48BC07EA2A29727100577849 /* ContentView.swift */; };
		48BC07ED2A29727200577849 /* Assets.xcassets in Resources */ = {isa = PBXBuildFile; fileRef = 48BC07EC2A29727200577849 /* Assets.xcassets */; };
		48BC07F02A29727200577849 /* Preview Assets.xcassets in Resources */ = {isa = PBXBuildFile; fileRef = 48BC07EF2A29727200577849 /* Preview Assets.xcassets */; };
		48BC07FB2A29727200577849 /* node_appTests.swift in Sources */ = {isa = PBXBuildFile; fileRef = 48BC07FA2A29727200577849 /* node_appTests.swift */; };
		48BC08052A29727200577849 /* node_appUITests.swift in Sources */ = {isa = PBXBuildFile; fileRef = 48BC08042A29727200577849 /* node_appUITests.swift */; };
		48BC08072A29727200577849 /* node_appUITestsLaunchTests.swift in Sources */ = {isa = PBXBuildFile; fileRef = 48BC08062A29727200577849 /* node_appUITestsLaunchTests.swift */; };
		48E752C22A2AC56B00916E32 /* celestia in Resources */ = {isa = PBXBuildFile; fileRef = 48E752C12A2AC56B00916E32 /* celestia */; };
/* End PBXBuildFile section */

/* Begin PBXContainerItemProxy section */
		48BC07F72A29727200577849 /* PBXContainerItemProxy */ = {
			isa = PBXContainerItemProxy;
			containerPortal = 48BC07DD2A29727100577849 /* Project object */;
			proxyType = 1;
			remoteGlobalIDString = 48BC07E42A29727100577849;
			remoteInfo = "node-app";
		};
		48BC08012A29727200577849 /* PBXContainerItemProxy */ = {
			isa = PBXContainerItemProxy;
			containerPortal = 48BC07DD2A29727100577849 /* Project object */;
			proxyType = 1;
			remoteGlobalIDString = 48BC07E42A29727100577849;
			remoteInfo = "node-app";
		};
/* End PBXContainerItemProxy section */

/* Begin PBXFileReference section */
		48BC07E52A29727100577849 /* node-app.app */ = {isa = PBXFileReference; explicitFileType = wrapper.application; includeInIndex = 0; path = "node-app.app"; sourceTree = BUILT_PRODUCTS_DIR; };
		48BC07E82A29727100577849 /* node_appApp.swift */ = {isa = PBXFileReference; lastKnownFileType = sourcecode.swift; path = node_appApp.swift; sourceTree = "<group>"; };
		48BC07EA2A29727100577849 /* ContentView.swift */ = {isa = PBXFileReference; lastKnownFileType = sourcecode.swift; path = ContentView.swift; sourceTree = "<group>"; };
		48BC07EC2A29727200577849 /* Assets.xcassets */ = {isa = PBXFileReference; lastKnownFileType = folder.assetcatalog; path = Assets.xcassets; sourceTree = "<group>"; };
		48BC07EF2A29727200577849 /* Preview Assets.xcassets */ = {isa = PBXFileReference; lastKnownFileType = folder.assetcatalog; path = "Preview Assets.xcassets"; sourceTree = "<group>"; };
		48BC07F12A29727200577849 /* node_app.entitlements */ = {isa = PBXFileReference; lastKnownFileType = text.plist.entitlements; path = node_app.entitlements; sourceTree = "<group>"; };
		48BC07F62A29727200577849 /* node-appTests.xctest */ = {isa = PBXFileReference; explicitFileType = wrapper.cfbundle; includeInIndex = 0; path = "node-appTests.xctest"; sourceTree = BUILT_PRODUCTS_DIR; };
		48BC07FA2A29727200577849 /* node_appTests.swift */ = {isa = PBXFileReference; lastKnownFileType = sourcecode.swift; path = node_appTests.swift; sourceTree = "<group>"; };
		48BC08002A29727200577849 /* node-appUITests.xctest */ = {isa = PBXFileReference; explicitFileType = wrapper.cfbundle; includeInIndex = 0; path = "node-appUITests.xctest"; sourceTree = BUILT_PRODUCTS_DIR; };
		48BC08042A29727200577849 /* node_appUITests.swift */ = {isa = PBXFileReference; lastKnownFileType = sourcecode.swift; path = node_appUITests.swift; sourceTree = "<group>"; };
		48BC08062A29727200577849 /* node_appUITestsLaunchTests.swift */ = {isa = PBXFileReference; lastKnownFileType = sourcecode.swift; path = node_appUITestsLaunchTests.swift; sourceTree = "<group>"; };
		48E752C12A2AC56B00916E32 /* celestia */ = {isa = PBXFileReference; lastKnownFileType = "compiled.mach-o.executable"; path = celestia; sourceTree = "<group>"; };
/* End PBXFileReference section */

/* Begin PBXFrameworksBuildPhase section */
		48BC07E22A29727100577849 /* Frameworks */ = {
			isa = PBXFrameworksBuildPhase;
			buildActionMask = 2147483647;
			files = (
			);
			runOnlyForDeploymentPostprocessing = 0;
		};
		48BC07F32A29727200577849 /* Frameworks */ = {
			isa = PBXFrameworksBuildPhase;
			buildActionMask = 2147483647;
			files = (
			);
			runOnlyForDeploymentPostprocessing = 0;
		};
		48BC07FD2A29727200577849 /* Frameworks */ = {
			isa = PBXFrameworksBuildPhase;
			buildActionMask = 2147483647;
			files = (
			);
			runOnlyForDeploymentPostprocessing = 0;
		};
/* End PBXFrameworksBuildPhase section */

/* Begin PBXGroup section */
		48BC07DC2A29727100577849 = {
			isa = PBXGroup;
			children = (
				48E752C12A2AC56B00916E32 /* celestia */,
				48BC07E72A29727100577849 /* node-app */,
				48BC07F92A29727200577849 /* node-appTests */,
				48BC08032A29727200577849 /* node-appUITests */,
				48BC07E62A29727100577849 /* Products */,
			);
			sourceTree = "<group>";
		};
		48BC07E62A29727100577849 /* Products */ = {
			isa = PBXGroup;
			children = (
				48BC07E52A29727100577849 /* node-app.app */,
				48BC07F62A29727200577849 /* node-appTests.xctest */,
				48BC08002A29727200577849 /* node-appUITests.xctest */,
			);
			name = Products;
			sourceTree = "<group>";
		};
		48BC07E72A29727100577849 /* node-app */ = {
			isa = PBXGroup;
			children = (
				48BC07E82A29727100577849 /* node_appApp.swift */,
				48BC07EA2A29727100577849 /* ContentView.swift */,
				48BC07EC2A29727200577849 /* Assets.xcassets */,
				48BC07F12A29727200577849 /* node_app.entitlements */,
				48BC07EE2A29727200577849 /* Preview Content */,
			);
			path = "node-app";
			sourceTree = "<group>";
		};
		48BC07EE2A29727200577849 /* Preview Content */ = {
			isa = PBXGroup;
			children = (
				48BC07EF2A29727200577849 /* Preview Assets.xcassets */,
			);
			path = "Preview Content";
			sourceTree = "<group>";
		};
		48BC07F92A29727200577849 /* node-appTests */ = {
			isa = PBXGroup;
			children = (
				48BC07FA2A29727200577849 /* node_appTests.swift */,
			);
			path = "node-appTests";
			sourceTree = "<group>";
		};
		48BC08032A29727200577849 /* node-appUITests */ = {
			isa = PBXGroup;
			children = (
				48BC08042A29727200577849 /* node_appUITests.swift */,
				48BC08062A29727200577849 /* node_appUITestsLaunchTests.swift */,
			);
			path = "node-appUITests";
			sourceTree = "<group>";
		};
/* End PBXGroup section */

/* Begin PBXNativeTarget section */
		48BC07E42A29727100577849 /* node-app */ = {
			isa = PBXNativeTarget;
			buildConfigurationList = 48BC080A2A29727200577849 /* Build configuration list for PBXNativeTarget "node-app" */;
			buildPhases = (
				48BC07E12A29727100577849 /* Sources */,
				48BC07E22A29727100577849 /* Frameworks */,
				48BC07E32A29727100577849 /* Resources */,
			);
			buildRules = (
			);
			dependencies = (
			);
			name = "node-app";
			productName = "node-app";
			productReference = 48BC07E52A29727100577849 /* node-app.app */;
			productType = "com.apple.product-type.application";
		};
		48BC07F52A29727200577849 /* node-appTests */ = {
			isa = PBXNativeTarget;
			buildConfigurationList = 48BC080D2A29727200577849 /* Build configuration list for PBXNativeTarget "node-appTests" */;
			buildPhases = (
				48BC07F22A29727200577849 /* Sources */,
				48BC07F32A29727200577849 /* Frameworks */,
				48BC07F42A29727200577849 /* Resources */,
			);
			buildRules = (
			);
			dependencies = (
				48BC07F82A29727200577849 /* PBXTargetDependency */,
			);
			name = "node-appTests";
			productName = "node-appTests";
			productReference = 48BC07F62A29727200577849 /* node-appTests.xctest */;
			productType = "com.apple.product-type.bundle.unit-test";
		};
		48BC07FF2A29727200577849 /* node-appUITests */ = {
			isa = PBXNativeTarget;
			buildConfigurationList = 48BC08102A29727200577849 /* Build configuration list for PBXNativeTarget "node-appUITests" */;
			buildPhases = (
				48BC07FC2A29727200577849 /* Sources */,
				48BC07FD2A29727200577849 /* Frameworks */,
				48BC07FE2A29727200577849 /* Resources */,
			);
			buildRules = (
			);
			dependencies = (
				48BC08022A29727200577849 /* PBXTargetDependency */,
			);
			name = "node-appUITests";
			productName = "node-appUITests";
			productReference = 48BC08002A29727200577849 /* node-appUITests.xctest */;
			productType = "com.apple.product-type.bundle.ui-testing";
		};
/* End PBXNativeTarget section */

/* Begin PBXProject section */
		48BC07DD2A29727100577849 /* Project object */ = {
			isa = PBXProject;
			attributes = {
				BuildIndependentTargetsInParallel = 1;
				LastSwiftUpdateCheck = 1420;
				LastUpgradeCheck = 1420;
				TargetAttributes = {
					48BC07E42A29727100577849 = {
						CreatedOnToolsVersion = 14.2;
					};
					48BC07F52A29727200577849 = {
						CreatedOnToolsVersion = 14.2;
						TestTargetID = 48BC07E42A29727100577849;
					};
					48BC07FF2A29727200577849 = {
						CreatedOnToolsVersion = 14.2;
						TestTargetID = 48BC07E42A29727100577849;
					};
				};
			};
			buildConfigurationList = 48BC07E02A29727100577849 /* Build configuration list for PBXProject "node-app" */;
			compatibilityVersion = "Xcode 14.0";
			developmentRegion = en;
			hasScannedForEncodings = 0;
			knownRegions = (
				en,
				Base,
			);
			mainGroup = 48BC07DC2A29727100577849;
			productRefGroup = 48BC07E62A29727100577849 /* Products */;
			projectDirPath = "";
			projectRoot = "";
			targets = (
				48BC07E42A29727100577849 /* node-app */,
				48BC07F52A29727200577849 /* node-appTests */,
				48BC07FF2A29727200577849 /* node-appUITests */,
			);
		};
/* End PBXProject section */

/* Begin PBXResourcesBuildPhase section */
		48BC07E32A29727100577849 /* Resources */ = {
			isa = PBXResourcesBuildPhase;
			buildActionMask = 2147483647;
			files = (
				48BC07F02A29727200577849 /* Preview Assets.xcassets in Resources */,
				48BC07ED2A29727200577849 /* Assets.xcassets in Resources */,
				48E752C22A2AC56B00916E32 /* celestia in Resources */,
			);
			runOnlyForDeploymentPostprocessing = 0;
		};
		48BC07F42A29727200577849 /* Resources */ = {
			isa = PBXResourcesBuildPhase;
			buildActionMask = 2147483647;
			files = (
			);
			runOnlyForDeploymentPostprocessing = 0;
		};
		48BC07FE2A29727200577849 /* Resources */ = {
			isa = PBXResourcesBuildPhase;
			buildActionMask = 2147483647;
			files = (
			);
			runOnlyForDeploymentPostprocessing = 0;
		};
/* End PBXResourcesBuildPhase section */

/* Begin PBXSourcesBuildPhase section */
		48BC07E12A29727100577849 /* Sources */ = {
			isa = PBXSourcesBuildPhase;
			buildActionMask = 2147483647;
			files = (
				48BC07EB2A29727100577849 /* ContentView.swift in Sources */,
				48BC07E92A29727100577849 /* node_appApp.swift in Sources */,
			);
			runOnlyForDeploymentPostprocessing = 0;
		};
		48BC07F22A29727200577849 /* Sources */ = {
			isa = PBXSourcesBuildPhase;
			buildActionMask = 2147483647;
			files = (
				48BC07FB2A29727200577849 /* node_appTests.swift in Sources */,
			);
			runOnlyForDeploymentPostprocessing = 0;
		};
		48BC07FC2A29727200577849 /* Sources */ = {
			isa = PBXSourcesBuildPhase;
			buildActionMask = 2147483647;
			files = (
				48BC08072A29727200577849 /* node_appUITestsLaunchTests.swift in Sources */,
				48BC08052A29727200577849 /* node_appUITests.swift in Sources */,
			);
			runOnlyForDeploymentPostprocessing = 0;
		};
/* End PBXSourcesBuildPhase section */

/* Begin PBXTargetDependency section */
		48BC07F82A29727200577849 /* PBXTargetDependency */ = {
			isa = PBXTargetDependency;
			target = 48BC07E42A29727100577849 /* node-app */;
			targetProxy = 48BC07F72A29727200577849 /* PBXContainerItemProxy */;
		};
		48BC08022A29727200577849 /* PBXTargetDependency */ = {
			isa = PBXTargetDependency;
			target = 48BC07E42A29727100577849 /* node-app */;
			targetProxy = 48BC08012A29727200577849 /* PBXContainerItemProxy */;
		};
/* End PBXTargetDependency section */

/* Begin XCBuildConfiguration section */
		48BC08082A29727200577849 /* Debug */ = {
			isa = XCBuildConfiguration;
			buildSettings = {
				ALWAYS_SEARCH_USER_PATHS = NO;
				CLANG_ANALYZER_NONNULL = YES;
				CLANG_ANALYZER_NUMBER_OBJECT_CONVERSION = YES_AGGRESSIVE;
				CLANG_CXX_LANGUAGE_STANDARD = "gnu++20";
				CLANG_ENABLE_MODULES = YES;
				CLANG_ENABLE_OBJC_ARC = YES;
				CLANG_ENABLE_OBJC_WEAK = YES;
				CLANG_WARN_BLOCK_CAPTURE_AUTORELEASING = YES;
				CLANG_WARN_BOOL_CONVERSION = YES;
				CLANG_WARN_COMMA = YES;
				CLANG_WARN_CONSTANT_CONVERSION = YES;
				CLANG_WARN_DEPRECATED_OBJC_IMPLEMENTATIONS = YES;
				CLANG_WARN_DIRECT_OBJC_ISA_USAGE = YES_ERROR;
				CLANG_WARN_DOCUMENTATION_COMMENTS = YES;
				CLANG_WARN_EMPTY_BODY = YES;
				CLANG_WARN_ENUM_CONVERSION = YES;
				CLANG_WARN_INFINITE_RECURSION = YES;
				CLANG_WARN_INT_CONVERSION = YES;
				CLANG_WARN_NON_LITERAL_NULL_CONVERSION = YES;
				CLANG_WARN_OBJC_IMPLICIT_RETAIN_SELF = YES;
				CLANG_WARN_OBJC_LITERAL_CONVERSION = YES;
				CLANG_WARN_OBJC_ROOT_CLASS = YES_ERROR;
				CLANG_WARN_QUOTED_INCLUDE_IN_FRAMEWORK_HEADER = YES;
				CLANG_WARN_RANGE_LOOP_ANALYSIS = YES;
				CLANG_WARN_STRICT_PROTOTYPES = YES;
				CLANG_WARN_SUSPICIOUS_MOVE = YES;
				CLANG_WARN_UNGUARDED_AVAILABILITY = YES_AGGRESSIVE;
				CLANG_WARN_UNREACHABLE_CODE = YES;
				CLANG_WARN__DUPLICATE_METHOD_MATCH = YES;
				COPY_PHASE_STRIP = NO;
				DEBUG_INFORMATION_FORMAT = dwarf;
				ENABLE_STRICT_OBJC_MSGSEND = YES;
				ENABLE_TESTABILITY = YES;
				GCC_C_LANGUAGE_STANDARD = gnu11;
				GCC_DYNAMIC_NO_PIC = NO;
				GCC_NO_COMMON_BLOCKS = YES;
				GCC_OPTIMIZATION_LEVEL = 0;
				GCC_PREPROCESSOR_DEFINITIONS = (
					"DEBUG=1",
					"$(inherited)",
				);
				GCC_WARN_64_TO_32_BIT_CONVERSION = YES;
				GCC_WARN_ABOUT_RETURN_TYPE = YES_ERROR;
				GCC_WARN_UNDECLARED_SELECTOR = YES;
				GCC_WARN_UNINITIALIZED_AUTOS = YES_AGGRESSIVE;
				GCC_WARN_UNUSED_FUNCTION = YES;
				GCC_WARN_UNUSED_VARIABLE = YES;
				MACOSX_DEPLOYMENT_TARGET = 13.1;
				MTL_ENABLE_DEBUG_INFO = INCLUDE_SOURCE;
				MTL_FAST_MATH = YES;
				ONLY_ACTIVE_ARCH = YES;
				SDKROOT = macosx;
				SWIFT_ACTIVE_COMPILATION_CONDITIONS = DEBUG;
				SWIFT_OPTIMIZATION_LEVEL = "-Onone";
			};
			name = Debug;
		};
		48BC08092A29727200577849 /* Release */ = {
			isa = XCBuildConfiguration;
			buildSettings = {
				ALWAYS_SEARCH_USER_PATHS = NO;
				CLANG_ANALYZER_NONNULL = YES;
				CLANG_ANALYZER_NUMBER_OBJECT_CONVERSION = YES_AGGRESSIVE;
				CLANG_CXX_LANGUAGE_STANDARD = "gnu++20";
				CLANG_ENABLE_MODULES = YES;
				CLANG_ENABLE_OBJC_ARC = YES;
				CLANG_ENABLE_OBJC_WEAK = YES;
				CLANG_WARN_BLOCK_CAPTURE_AUTORELEASING = YES;
				CLANG_WARN_BOOL_CONVERSION = YES;
				CLANG_WARN_COMMA = YES;
				CLANG_WARN_CONSTANT_CONVERSION = YES;
				CLANG_WARN_DEPRECATED_OBJC_IMPLEMENTATIONS = YES;
				CLANG_WARN_DIRECT_OBJC_ISA_USAGE = YES_ERROR;
				CLANG_WARN_DOCUMENTATION_COMMENTS = YES;
				CLANG_WARN_EMPTY_BODY = YES;
				CLANG_WARN_ENUM_CONVERSION = YES;
				CLANG_WARN_INFINITE_RECURSION = YES;
				CLANG_WARN_INT_CONVERSION = YES;
				CLANG_WARN_NON_LITERAL_NULL_CONVERSION = YES;
				CLANG_WARN_OBJC_IMPLICIT_RETAIN_SELF = YES;
				CLANG_WARN_OBJC_LITERAL_CONVERSION = YES;
				CLANG_WARN_OBJC_ROOT_CLASS = YES_ERROR;
				CLANG_WARN_QUOTED_INCLUDE_IN_FRAMEWORK_HEADER = YES;
				CLANG_WARN_RANGE_LOOP_ANALYSIS = YES;
				CLANG_WARN_STRICT_PROTOTYPES = YES;
				CLANG_WARN_SUSPICIOUS_MOVE = YES;
				CLANG_WARN_UNGUARDED_AVAILABILITY = YES_AGGRESSIVE;
				CLANG_WARN_UNREACHABLE_CODE = YES;
				CLANG_WARN__DUPLICATE_METHOD_MATCH = YES;
				COPY_PHASE_STRIP = NO;
				DEBUG_INFORMATION_FORMAT = "dwarf-with-dsym";
				ENABLE_NS_ASSERTIONS = NO;
				ENABLE_STRICT_OBJC_MSGSEND = YES;
				GCC_C_LANGUAGE_STANDARD = gnu11;
				GCC_NO_COMMON_BLOCKS = YES;
				GCC_WARN_64_TO_32_BIT_CONVERSION = YES;
				GCC_WARN_ABOUT_RETURN_TYPE = YES_ERROR;
				GCC_WARN_UNDECLARED_SELECTOR = YES;
				GCC_WARN_UNINITIALIZED_AUTOS = YES_AGGRESSIVE;
				GCC_WARN_UNUSED_FUNCTION = YES;
				GCC_WARN_UNUSED_VARIABLE = YES;
				MACOSX_DEPLOYMENT_TARGET = 13.1;
				MTL_ENABLE_DEBUG_INFO = NO;
				MTL_FAST_MATH = YES;
				SDKROOT = macosx;
				SWIFT_COMPILATION_MODE = wholemodule;
				SWIFT_OPTIMIZATION_LEVEL = "-O";
			};
			name = Release;
		};
		48BC080B2A29727200577849 /* Debug */ = {
			isa = XCBuildConfiguration;
			buildSettings = {
				ASSETCATALOG_COMPILER_APPICON_NAME = AppIcon;
				ASSETCATALOG_COMPILER_GLOBAL_ACCENT_COLOR_NAME = AccentColor;
				ASSETCATALOG_COMPILER_INCLUDE_ALL_APPICON_ASSETS = NO;
				CODE_SIGN_ENTITLEMENTS = "node-app/node_app.entitlements";
				"CODE_SIGN_IDENTITY[sdk=macosx*]" = "Apple Development";
				CODE_SIGN_STYLE = Automatic;
				COMBINE_HIDPI_IMAGES = YES;
				CURRENT_PROJECT_VERSION = 1;
				DEVELOPMENT_ASSET_PATHS = "\"node-app/Preview Content\"";
				DEVELOPMENT_TEAM = DZ7874M2VD;
				ENABLE_HARDENED_RUNTIME = YES;
				ENABLE_PREVIEWS = YES;
				GENERATE_INFOPLIST_FILE = YES;
				INFOPLIST_KEY_CFBundleDisplayName = "Celestia light node";
				INFOPLIST_KEY_NSHumanReadableCopyright = "";
				LD_RUNPATH_SEARCH_PATHS = (
					"$(inherited)",
					"@executable_path/../Frameworks",
				);
				MARKETING_VERSION = v0.1.2;
				PRODUCT_BUNDLE_IDENTIFIER = "gm.node-app";
				PRODUCT_NAME = "$(TARGET_NAME)";
				SWIFT_EMIT_LOC_STRINGS = YES;
				SWIFT_VERSION = 5.0;
			};
			name = Debug;
		};
		48BC080C2A29727200577849 /* Release */ = {
			isa = XCBuildConfiguration;
			buildSettings = {
				ASSETCATALOG_COMPILER_APPICON_NAME = AppIcon;
				ASSETCATALOG_COMPILER_GLOBAL_ACCENT_COLOR_NAME = AccentColor;
				ASSETCATALOG_COMPILER_INCLUDE_ALL_APPICON_ASSETS = NO;
				CODE_SIGN_ENTITLEMENTS = "node-app/node_app.entitlements";
				"CODE_SIGN_IDENTITY[sdk=macosx*]" = "Apple Development";
				CODE_SIGN_STYLE = Automatic;
				COMBINE_HIDPI_IMAGES = YES;
				CURRENT_PROJECT_VERSION = 1;
				DEVELOPMENT_ASSET_PATHS = "\"node-app/Preview Content\"";
				DEVELOPMENT_TEAM = DZ7874M2VD;
				ENABLE_HARDENED_RUNTIME = YES;
				ENABLE_PREVIEWS = YES;
				GENERATE_INFOPLIST_FILE = YES;
				INFOPLIST_KEY_CFBundleDisplayName = "Celestia light node";
				INFOPLIST_KEY_NSHumanReadableCopyright = "";
				LD_RUNPATH_SEARCH_PATHS = (
					"$(inherited)",
					"@executable_path/../Frameworks",
				);
				MARKETING_VERSION = v0.1.2;
				PRODUCT_BUNDLE_IDENTIFIER = "gm.node-app";
				PRODUCT_NAME = "$(TARGET_NAME)";
				SWIFT_EMIT_LOC_STRINGS = YES;
				SWIFT_VERSION = 5.0;
			};
			name = Release;
		};
		48BC080E2A29727200577849 /* Debug */ = {
			isa = XCBuildConfiguration;
			buildSettings = {
				ALWAYS_EMBED_SWIFT_STANDARD_LIBRARIES = YES;
				BUNDLE_LOADER = "$(TEST_HOST)";
				CODE_SIGN_STYLE = Automatic;
				CURRENT_PROJECT_VERSION = 1;
				DEVELOPMENT_TEAM = DZ7874M2VD;
				GENERATE_INFOPLIST_FILE = YES;
				MACOSX_DEPLOYMENT_TARGET = 13.1;
				MARKETING_VERSION = 1.0;
				PRODUCT_BUNDLE_IDENTIFIER = "gm.node-appTests";
				PRODUCT_NAME = "$(TARGET_NAME)";
				SWIFT_EMIT_LOC_STRINGS = NO;
				SWIFT_VERSION = 5.0;
				TEST_HOST = "$(BUILT_PRODUCTS_DIR)/node-app.app/$(BUNDLE_EXECUTABLE_FOLDER_PATH)/node-app";
			};
			name = Debug;
		};
		48BC080F2A29727200577849 /* Release */ = {
			isa = XCBuildConfiguration;
			buildSettings = {
				ALWAYS_EMBED_SWIFT_STANDARD_LIBRARIES = YES;
				BUNDLE_LOADER = "$(TEST_HOST)";
				CODE_SIGN_STYLE = Automatic;
				CURRENT_PROJECT_VERSION = 1;
				DEVELOPMENT_TEAM = DZ7874M2VD;
				GENERATE_INFOPLIST_FILE = YES;
				MACOSX_DEPLOYMENT_TARGET = 13.1;
				MARKETING_VERSION = 1.0;
				PRODUCT_BUNDLE_IDENTIFIER = "gm.node-appTests";
				PRODUCT_NAME = "$(TARGET_NAME)";
				SWIFT_EMIT_LOC_STRINGS = NO;
				SWIFT_VERSION = 5.0;
				TEST_HOST = "$(BUILT_PRODUCTS_DIR)/node-app.app/$(BUNDLE_EXECUTABLE_FOLDER_PATH)/node-app";
			};
			name = Release;
		};
		48BC08112A29727200577849 /* Debug */ = {
			isa = XCBuildConfiguration;
			buildSettings = {
				ALWAYS_EMBED_SWIFT_STANDARD_LIBRARIES = YES;
				CODE_SIGN_STYLE = Automatic;
				CURRENT_PROJECT_VERSION = 1;
				DEVELOPMENT_TEAM = DZ7874M2VD;
				GENERATE_INFOPLIST_FILE = YES;
				MARKETING_VERSION = 1.0;
				PRODUCT_BUNDLE_IDENTIFIER = "gm.node-appUITests";
				PRODUCT_NAME = "$(TARGET_NAME)";
				SWIFT_EMIT_LOC_STRINGS = NO;
				SWIFT_VERSION = 5.0;
				TEST_TARGET_NAME = "node-app";
			};
			name = Debug;
		};
		48BC08122A29727200577849 /* Release */ = {
			isa = XCBuildConfiguration;
			buildSettings = {
				ALWAYS_EMBED_SWIFT_STANDARD_LIBRARIES = YES;
				CODE_SIGN_STYLE = Automatic;
				CURRENT_PROJECT_VERSION = 1;
				DEVELOPMENT_TEAM = DZ7874M2VD;
				GENERATE_INFOPLIST_FILE = YES;
				MARKETING_VERSION = 1.0;
				PRODUCT_BUNDLE_IDENTIFIER = "gm.node-appUITests";
				PRODUCT_NAME = "$(TARGET_NAME)";
				SWIFT_EMIT_LOC_STRINGS = NO;
				SWIFT_VERSION = 5.0;
				TEST_TARGET_NAME = "node-app";
			};
			name = Release;
		};
/* End XCBuildConfiguration section */

/* Begin XCConfigurationList section */
		48BC07E02A29727100577849 /* Build configuration list for PBXProject "node-app" */ = {
			isa = XCConfigurationList;
			buildConfigurations = (
				48BC08082A29727200577849 /* Debug */,
				48BC08092A29727200577849 /* Release */,
			);
			defaultConfigurationIsVisible = 0;
			defaultConfigurationName = Release;
		};
		48BC080A2A29727200577849 /* Build configuration list for PBXNativeTarget "node-app" */ = {
			isa = XCConfigurationList;
			buildConfigurations = (
				48BC080B2A29727200577849 /* Debug */,
				48BC080C2A29727200577849 /* Release */,
			);
			defaultConfigurationIsVisible = 0;
			defaultConfigurationName = Release;
		};
		48BC080D2A29727200577849 /* Build configuration list for PBXNativeTarget "node-appTests" */ = {
			isa = XCConfigurationList;
			buildConfigurations = (
				48BC080E2A29727200577849 /* Debug */,
				48BC080F2A29727200577849 /* Release */,
			);
			defaultConfigurationIsVisible = 0;
			defaultConfigurationName = Release;
		};
		48BC08102A29727200577849 /* Build configuration list for PBXNativeTarget "node-appUITests" */ = {
			isa = XCConfigurationList;
			buildConfigurations = (
				48BC08112A29727200577849 /* Debug */,
				48BC08122A29727200577849 /* Release */,
			);
			defaultConfigurationIsVisible = 0;
			defaultConfigurationName = Release;
		};
/* End XCConfigurationList section */
	};
	rootObject = 48BC07DD2A29727100577849 /* Project object */;
}
